
Microsoft Visual Studio Solution File, Format Version 12.00
# Visual Studio Version 17
VisualStudioVersion = 17.3.32804.467
MinimumVisualStudioVersion = 10.0.40219.1
Project("{FAE04EC0-301F-11D3-BF4B-00C04F79EFBC}") = "StaticExercise", "StaticExercise\StaticExercise.csproj", "{B7B00E0D-FB31-4DE9-AC5B-3FCE35D94FEF}"
EndProject
Global
	GlobalSection(SolutionConfigurationPlatforms) = preSolution
		Debug|Any CPU = Debug|Any CPU
		Release|Any CPU = Release|Any CPU
	EndGlobalSection
	GlobalSection(ProjectConfigurationPlatforms) = postSolution
		{B7B00E0D-FB31-4DE9-AC5B-3FCE35D94FEF}.Debug|Any CPU.ActiveCfg = Debug|Any CPU
		{B7B00E0D-FB31-4DE9-AC5B-3FCE35D94FEF}.Debug|Any CPU.Build.0 = Debug|Any CPU
		{B7B00E0D-FB31-4DE9-AC5B-3FCE35D94FEF}.Release|Any CPU.ActiveCfg = Release|Any CPU
		{B7B00E0D-FB31-4DE9-AC5B-3FCE35D94FEF}.Release|Any CPU.Build.0 = Release|Any CPU
	EndGlobalSection
	GlobalSection(SolutionProperties) = preSolution
		HideSolutionNode = FALSE
	EndGlobalSection
	GlobalSection(ExtensibilityGlobals) = postSolution
		SolutionGuid = {F1968AE9-2291-4B6F-A752-C7F125A03EFE}
	EndGlobalSection
EndGlobal
